
Microsoft Visual Studio Solution File, Format Version 12.00
# Visual Studio 2013
VisualStudioVersion = 12.0.31101.0
MinimumVisualStudioVersion = 10.0.40219.1
Project("{FAE04EC0-301F-11D3-BF4B-00C04F79EFBC}") = "Foodie.Main", "FoodieApp\Foodie.Main.csproj", "{AC1B2724-E74A-428D-B38B-A9AECA27B1AE}"
EndProject
Project("{FAE04EC0-301F-11D3-BF4B-00C04F79EFBC}") = "FoodieTest", "FoodieTest\FoodieTest.csproj", "{12C69DA1-B52F-44CF-A297-BB0BC4298547}"
EndProject
Project("{FAE04EC0-301F-11D3-BF4B-00C04F79EFBC}") = "Foodie.Data", "Foodie.Data\Foodie.Data.csproj", "{69159EB7-E0EB-4463-B9FA-18DF39FE0071}"
EndProject
Global
	GlobalSection(SolutionConfigurationPlatforms) = preSolution
		Debug|Any CPU = Debug|Any CPU
		Release|Any CPU = Release|Any CPU
	EndGlobalSection
	GlobalSection(ProjectConfigurationPlatforms) = postSolution
		{AC1B2724-E74A-428D-B38B-A9AECA27B1AE}.Debug|Any CPU.ActiveCfg = Release|Any CPU
		{AC1B2724-E74A-428D-B38B-A9AECA27B1AE}.Debug|Any CPU.Build.0 = Release|Any CPU
		{AC1B2724-E74A-428D-B38B-A9AECA27B1AE}.Release|Any CPU.ActiveCfg = Release|Any CPU
		{AC1B2724-E74A-428D-B38B-A9AECA27B1AE}.Release|Any CPU.Build.0 = Release|Any CPU
		{12C69DA1-B52F-44CF-A297-BB0BC4298547}.Debug|Any CPU.ActiveCfg = Release|Any CPU
		{12C69DA1-B52F-44CF-A297-BB0BC4298547}.Debug|Any CPU.Build.0 = Release|Any CPU
		{12C69DA1-B52F-44CF-A297-BB0BC4298547}.Release|Any CPU.ActiveCfg = Release|Any CPU
		{12C69DA1-B52F-44CF-A297-BB0BC4298547}.Release|Any CPU.Build.0 = Release|Any CPU
		{69159EB7-E0EB-4463-B9FA-18DF39FE0071}.Debug|Any CPU.ActiveCfg = Release|Any CPU
		{69159EB7-E0EB-4463-B9FA-18DF39FE0071}.Debug|Any CPU.Build.0 = Release|Any CPU
		{69159EB7-E0EB-4463-B9FA-18DF39FE0071}.Debug|Any CPU.Deploy.0 = Release|Any CPU
		{69159EB7-E0EB-4463-B9FA-18DF39FE0071}.Release|Any CPU.ActiveCfg = Release|Any CPU
		{69159EB7-E0EB-4463-B9FA-18DF39FE0071}.Release|Any CPU.Build.0 = Release|Any CPU
	EndGlobalSection
	GlobalSection(SolutionProperties) = preSolution
		HideSolutionNode = FALSE
	EndGlobalSection
EndGlobal
